
Microsoft Visual Studio Solution File, Format Version 12.00
# Visual Studio Version 17
VisualStudioVersion = 17.9.34728.123
MinimumVisualStudioVersion = 10.0.40219.1
Project("{888888A0-9F3D-457C-B088-3A5042F75D52}") = "Gestion de Alumnos", "Gestion de Alumnos.pyproj", "{11096D0E-A395-4F04-93AE-E0F8114D6D70}"
EndProject
Global
	GlobalSection(SolutionConfigurationPlatforms) = preSolution
		Debug|Any CPU = Debug|Any CPU
		Release|Any CPU = Release|Any CPU
	EndGlobalSection
	GlobalSection(ProjectConfigurationPlatforms) = postSolution
		{11096D0E-A395-4F04-93AE-E0F8114D6D70}.Debug|Any CPU.ActiveCfg = Debug|Any CPU
		{11096D0E-A395-4F04-93AE-E0F8114D6D70}.Release|Any CPU.ActiveCfg = Release|Any CPU
	EndGlobalSection
	GlobalSection(SolutionProperties) = preSolution
		HideSolutionNode = FALSE
	EndGlobalSection
	GlobalSection(ExtensibilityGlobals) = postSolution
		SolutionGuid = {A6FECD4C-8140-4A56-953C-4989D9E3CC8B}
	EndGlobalSection
EndGlobal
